// !$*UTF8*$!
{
	archiveVersion = 1;
	classes = {
	};
	objectVersion = 46;
	objects = {

/* Begin PBXBuildFile section */
		1BDB38E519168E3F00A21985 /* Foundation.framework in Frameworks */ = {isa = PBXBuildFile; fileRef = 1BDB38E419168E3F00A21985 /* Foundation.framework */; };
		1BDB38E719168E3F00A21985 /* CoreGraphics.framework in Frameworks */ = {isa = PBXBuildFile; fileRef = 1BDB38E619168E3F00A21985 /* CoreGraphics.framework */; };
		1BDB38E919168E3F00A21985 /* UIKit.framework in Frameworks */ = {isa = PBXBuildFile; fileRef = 1BDB38E819168E3F00A21985 /* UIKit.framework */; };
		1BDB38EF19168E3F00A21985 /* InfoPlist.strings in Resources */ = {isa = PBXBuildFile; fileRef = 1BDB38ED19168E3F00A21985 /* InfoPlist.strings */; };
		1BDB38F119168E3F00A21985 /* main.m in Sources */ = {isa = PBXBuildFile; fileRef = 1BDB38F019168E3F00A21985 /* main.m */; };
		1BDB38F519168E3F00A21985 /* AppDelegate.m in Sources */ = {isa = PBXBuildFile; fileRef = 1BDB38F419168E3F00A21985 /* AppDelegate.m */; };
		1BDB38F819168E3F00A21985 /* Main.storyboard in Resources */ = {isa = PBXBuildFile; fileRef = 1BDB38F619168E3F00A21985 /* Main.storyboard */; };
		1BDB38FB19168E3F00A21985 /* ViewController.m in Sources */ = {isa = PBXBuildFile; fileRef = 1BDB38FA19168E3F00A21985 /* ViewController.m */; };
		1BDB38FD19168E3F00A21985 /* Images.xcassets in Resources */ = {isa = PBXBuildFile; fileRef = 1BDB38FC19168E3F00A21985 /* Images.xcassets */; };
		1BDB390419168E4000A21985 /* XCTest.framework in Frameworks */ = {isa = PBXBuildFile; fileRef = 1BDB390319168E4000A21985 /* XCTest.framework */; };
		1BDB390519168E4000A21985 /* Foundation.framework in Frameworks */ = {isa = PBXBuildFile; fileRef = 1BDB38E419168E3F00A21985 /* Foundation.framework */; };
		1BDB390619168E4000A21985 /* UIKit.framework in Frameworks */ = {isa = PBXBuildFile; fileRef = 1BDB38E819168E3F00A21985 /* UIKit.framework */; };
		1BDB390E19168E4000A21985 /* InfoPlist.strings in Resources */ = {isa = PBXBuildFile; fileRef = 1BDB390C19168E4000A21985 /* InfoPlist.strings */; };
		1BDB391019168E4000A21985 /* GitTestTests.m in Sources */ = {isa = PBXBuildFile; fileRef = 1BDB390F19168E4000A21985 /* GitTestTests.m */; };
/* End PBXBuildFile section */

/* Begin PBXContainerItemProxy section */
		1BDB390719168E4000A21985 /* PBXContainerItemProxy */ = {
			isa = PBXContainerItemProxy;
			containerPortal = 1BDB38D919168E3F00A21985 /* Project object */;
			proxyType = 1;
			remoteGlobalIDString = 1BDB38E019168E3F00A21985;
			remoteInfo = GitTest;
		};
/* End PBXContainerItemProxy section */

/* Begin PBXFileReference section */
		1BDB38E119168E3F00A21985 /* GitTest.app */ = {isa = PBXFileReference; explicitFileType = wrapper.application; includeInIndex = 0; path = GitTest.app; sourceTree = BUILT_PRODUCTS_DIR; };
		1BDB38E419168E3F00A21985 /* Foundation.framework */ = {isa = PBXFileReference; lastKnownFileType = wrapper.framework; name = Foundation.framework; path = System/Library/Frameworks/Foundation.framework; sourceTree = SDKROOT; };
		1BDB38E619168E3F00A21985 /* CoreGraphics.framework */ = {isa = PBXFileReference; lastKnownFileType = wrapper.framework; name = CoreGraphics.framework; path = System/Library/Frameworks/CoreGraphics.framework; sourceTree = SDKROOT; };
		1BDB38E819168E3F00A21985 /* UIKit.framework */ = {isa = PBXFileReference; lastKnownFileType = wrapper.framework; name = UIKit.framework; path = System/Library/Frameworks/UIKit.framework; sourceTree = SDKROOT; };
		1BDB38EC19168E3F00A21985 /* GitTest-Info.plist */ = {isa = PBXFileReference; lastKnownFileType = text.plist.xml; path = "GitTest-Info.plist"; sourceTree = "<group>"; };
		1BDB38EE19168E3F00A21985 /* en */ = {isa = PBXFileReference; lastKnownFileType = text.plist.strings; name = en; path = en.lproj/InfoPlist.strings; sourceTree = "<group>"; };
		1BDB38F019168E3F00A21985 /* main.m */ = {isa = PBXFileReference; lastKnownFileType = sourcecode.c.objc; path = main.m; sourceTree = "<group>"; };
		1BDB38F219168E3F00A21985 /* GitTest-Prefix.pch */ = {isa = PBXFileReference; lastKnownFileType = sourcecode.c.h; path = "GitTest-Prefix.pch"; sourceTree = "<group>"; };
		1BDB38F319168E3F00A21985 /* AppDelegate.h */ = {isa = PBXFileReference; lastKnownFileType = sourcecode.c.h; path = AppDelegate.h; sourceTree = "<group>"; };
		1BDB38F419168E3F00A21985 /* AppDelegate.m */ = {isa = PBXFileReference; lastKnownFileType = sourcecode.c.objc; path = AppDelegate.m; sourceTree = "<group>"; };
		1BDB38F719168E3F00A21985 /* Base */ = {isa = PBXFileReference; lastKnownFileType = file.storyboard; name = Base; path = Base.lproj/Main.storyboard; sourceTree = "<group>"; };
		1BDB38F919168E3F00A21985 /* ViewController.h */ = {isa = PBXFileReference; lastKnownFileType = sourcecode.c.h; path = ViewController.h; sourceTree = "<group>"; };
		1BDB38FA19168E3F00A21985 /* ViewController.m */ = {isa = PBXFileReference; lastKnownFileType = sourcecode.c.objc; path = ViewController.m; sourceTree = "<group>"; };
		1BDB38FC19168E3F00A21985 /* Images.xcassets */ = {isa = PBXFileReference; lastKnownFileType = folder.assetcatalog; path = Images.xcassets; sourceTree = "<group>"; };
		1BDB390219168E4000A21985 /* GitTestTests.xctest */ = {isa = PBXFileReference; explicitFileType = wrapper.cfbundle; includeInIndex = 0; path = GitTestTests.xctest; sourceTree = BUILT_PRODUCTS_DIR; };
		1BDB390319168E4000A21985 /* XCTest.framework */ = {isa = PBXFileReference; lastKnownFileType = wrapper.framework; name = XCTest.framework; path = Library/Frameworks/XCTest.framework; sourceTree = DEVELOPER_DIR; };
		1BDB390B19168E4000A21985 /* GitTestTests-Info.plist */ = {isa = PBXFileReference; lastKnownFileType = text.plist.xml; path = "GitTestTests-Info.plist"; sourceTree = "<group>"; };
		1BDB390D19168E4000A21985 /* en */ = {isa = PBXFileReference; lastKnownFileType = text.plist.strings; name = en; path = en.lproj/InfoPlist.strings; sourceTree = "<group>"; };
		1BDB390F19168E4000A21985 /* GitTestTests.m */ = {isa = PBXFileReference; lastKnownFileType = sourcecode.c.objc; path = GitTestTests.m; sourceTree = "<group>"; };
/* End PBXFileReference section */

/* Begin PBXFrameworksBuildPhase section */
		1BDB38DE19168E3F00A21985 /* Frameworks */ = {
			isa = PBXFrameworksBuildPhase;
			buildActionMask = 2147483647;
			files = (
				1BDB38E719168E3F00A21985 /* CoreGraphics.framework in Frameworks */,
				1BDB38E919168E3F00A21985 /* UIKit.framework in Frameworks */,
				1BDB38E519168E3F00A21985 /* Foundation.framework in Frameworks */,
			);
			runOnlyForDeploymentPostprocessing = 0;
		};
		1BDB38FF19168E4000A21985 /* Frameworks */ = {
			isa = PBXFrameworksBuildPhase;
			buildActionMask = 2147483647;
			files = (
				1BDB390419168E4000A21985 /* XCTest.framework in Frameworks */,
				1BDB390619168E4000A21985 /* UIKit.framework in Frameworks */,
				1BDB390519168E4000A21985 /* Foundation.framework in Frameworks */,
			);
			runOnlyForDeploymentPostprocessing = 0;
		};
/* End PBXFrameworksBuildPhase section */

/* Begin PBXGroup section */
		1BDB38D819168E3F00A21985 = {
			isa = PBXGroup;
			children = (
				1BDB38EA19168E3F00A21985 /* GitTest */,
				1BDB390919168E4000A21985 /* GitTestTests */,
				1BDB38E319168E3F00A21985 /* Frameworks */,
				1BDB38E219168E3F00A21985 /* Products */,
			);
			sourceTree = "<group>";
		};
		1BDB38E219168E3F00A21985 /* Products */ = {
			isa = PBXGroup;
			children = (
				1BDB38E119168E3F00A21985 /* GitTest.app */,
				1BDB390219168E4000A21985 /* GitTestTests.xctest */,
			);
			name = Products;
			sourceTree = "<group>";
		};
		1BDB38E319168E3F00A21985 /* Frameworks */ = {
			isa = PBXGroup;
			children = (
				1BDB38E419168E3F00A21985 /* Foundation.framework */,
				1BDB38E619168E3F00A21985 /* CoreGraphics.framework */,
				1BDB38E819168E3F00A21985 /* UIKit.framework */,
				1BDB390319168E4000A21985 /* XCTest.framework */,
			);
			name = Frameworks;
			sourceTree = "<group>";
		};
		1BDB38EA19168E3F00A21985 /* GitTest */ = {
			isa = PBXGroup;
			children = (
				1BDB38F319168E3F00A21985 /* AppDelegate.h */,
				1BDB38F419168E3F00A21985 /* AppDelegate.m */,
				1BDB38F619168E3F00A21985 /* Main.storyboard */,
				1BDB38F919168E3F00A21985 /* ViewController.h */,
				1BDB38FA19168E3F00A21985 /* ViewController.m */,
				1BDB38FC19168E3F00A21985 /* Images.xcassets */,
				1BDB38EB19168E3F00A21985 /* Supporting Files */,
			);
			path = GitTest;
			sourceTree = "<group>";
		};
		1BDB38EB19168E3F00A21985 /* Supporting Files */ = {
			isa = PBXGroup;
			children = (
				1BDB38EC19168E3F00A21985 /* GitTest-Info.plist */,
				1BDB38ED19168E3F00A21985 /* InfoPlist.strings */,
				1BDB38F019168E3F00A21985 /* main.m */,
				1BDB38F219168E3F00A21985 /* GitTest-Prefix.pch */,
			);
			name = "Supporting Files";
			sourceTree = "<group>";
		};
		1BDB390919168E4000A21985 /* GitTestTests */ = {
			isa = PBXGroup;
			children = (
				1BDB390F19168E4000A21985 /* GitTestTests.m */,
				1BDB390A19168E4000A21985 /* Supporting Files */,
			);
			path = GitTestTests;
			sourceTree = "<group>";
		};
		1BDB390A19168E4000A21985 /* Supporting Files */ = {
			isa = PBXGroup;
			children = (
				1BDB390B19168E4000A21985 /* GitTestTests-Info.plist */,
				1BDB390C19168E4000A21985 /* InfoPlist.strings */,
			);
			name = "Supporting Files";
			sourceTree = "<group>";
		};
/* End PBXGroup section */

/* Begin PBXNativeTarget section */
		1BDB38E019168E3F00A21985 /* GitTest */ = {
			isa = PBXNativeTarget;
			buildConfigurationList = 1BDB391319168E4000A21985 /* Build configuration list for PBXNativeTarget "GitTest" */;
			buildPhases = (
				1BDB38DD19168E3F00A21985 /* Sources */,
				1BDB38DE19168E3F00A21985 /* Frameworks */,
				1BDB38DF19168E3F00A21985 /* Resources */,
			);
			buildRules = (
			);
			dependencies = (
			);
			name = GitTest;
			productName = GitTest;
			productReference = 1BDB38E119168E3F00A21985 /* GitTest.app */;
			productType = "com.apple.product-type.application";
		};
		1BDB390119168E4000A21985 /* GitTestTests */ = {
			isa = PBXNativeTarget;
			buildConfigurationList = 1BDB391619168E4000A21985 /* Build configuration list for PBXNativeTarget "GitTestTests" */;
			buildPhases = (
				1BDB38FE19168E4000A21985 /* Sources */,
				1BDB38FF19168E4000A21985 /* Frameworks */,
				1BDB390019168E4000A21985 /* Resources */,
			);
			buildRules = (
			);
			dependencies = (
				1BDB390819168E4000A21985 /* PBXTargetDependency */,
			);
			name = GitTestTests;
			productName = GitTestTests;
			productReference = 1BDB390219168E4000A21985 /* GitTestTests.xctest */;
			productType = "com.apple.product-type.bundle.unit-test";
		};
/* End PBXNativeTarget section */

/* Begin PBXProject section */
		1BDB38D919168E3F00A21985 /* Project object */ = {
			isa = PBXProject;
			attributes = {
				LastUpgradeCheck = 0510;
				ORGANIZATIONNAME = "Eriko Ichinohe";
				TargetAttributes = {
					1BDB390119168E4000A21985 = {
						TestTargetID = 1BDB38E019168E3F00A21985;
					};
				};
			};
			buildConfigurationList = 1BDB38DC19168E3F00A21985 /* Build configuration list for PBXProject "GitTest" */;
			compatibilityVersion = "Xcode 3.2";
			developmentRegion = English;
			hasScannedForEncodings = 0;
			knownRegions = (
				en,
				Base,
			);
			mainGroup = 1BDB38D819168E3F00A21985;
			productRefGroup = 1BDB38E219168E3F00A21985 /* Products */;
			projectDirPath = "";
			projectRoot = "";
			targets = (
				1BDB38E019168E3F00A21985 /* GitTest */,
				1BDB390119168E4000A21985 /* GitTestTests */,
			);
		};
/* End PBXProject section */

/* Begin PBXResourcesBuildPhase section */
		1BDB38DF19168E3F00A21985 /* Resources */ = {
			isa = PBXResourcesBuildPhase;
			buildActionMask = 2147483647;
			files = (
				1BDB38FD19168E3F00A21985 /* Images.xcassets in Resources */,
				1BDB38EF19168E3F00A21985 /* InfoPlist.strings in Resources */,
				1BDB38F819168E3F00A21985 /* Main.storyboard in Resources */,
			);
			runOnlyForDeploymentPostprocessing = 0;
		};
		1BDB390019168E4000A21985 /* Resources */ = {
			isa = PBXResourcesBuildPhase;
			buildActionMask = 2147483647;
			files = (
				1BDB390E19168E4000A21985 /* InfoPlist.strings in Resources */,
			);
			runOnlyForDeploymentPostprocessing = 0;
		};
/* End PBXResourcesBuildPhase section */

/* Begin PBXSourcesBuildPhase section */
		1BDB38DD19168E3F00A21985 /* Sources */ = {
			isa = PBXSourcesBuildPhase;
			buildActionMask = 2147483647;
			files = (
				1BDB38FB19168E3F00A21985 /* ViewController.m in Sources */,
				1BDB38F519168E3F00A21985 /* AppDelegate.m in Sources */,
				1BDB38F119168E3F00A21985 /* main.m in Sources */,
			);
			runOnlyForDeploymentPostprocessing = 0;
		};
		1BDB38FE19168E4000A21985 /* Sources */ = {
			isa = PBXSourcesBuildPhase;
			buildActionMask = 2147483647;
			files = (
				1BDB391019168E4000A21985 /* GitTestTests.m in Sources */,
			);
			runOnlyForDeploymentPostprocessing = 0;
		};
/* End PBXSourcesBuildPhase section */

/* Begin PBXTargetDependency section */
		1BDB390819168E4000A21985 /* PBXTargetDependency */ = {
			isa = PBXTargetDependency;
			target = 1BDB38E019168E3F00A21985 /* GitTest */;
			targetProxy = 1BDB390719168E4000A21985 /* PBXContainerItemProxy */;
		};
/* End PBXTargetDependency section */

/* Begin PBXVariantGroup section */
		1BDB38ED19168E3F00A21985 /* InfoPlist.strings */ = {
			isa = PBXVariantGroup;
			children = (
				1BDB38EE19168E3F00A21985 /* en */,
			);
			name = InfoPlist.strings;
			sourceTree = "<group>";
		};
		1BDB38F619168E3F00A21985 /* Main.storyboard */ = {
			isa = PBXVariantGroup;
			children = (
				1BDB38F719168E3F00A21985 /* Base */,
			);
			name = Main.storyboard;
			sourceTree = "<group>";
		};
		1BDB390C19168E4000A21985 /* InfoPlist.strings */ = {
			isa = PBXVariantGroup;
			children = (
				1BDB390D19168E4000A21985 /* en */,
			);
			name = InfoPlist.strings;
			sourceTree = "<group>";
		};
/* End PBXVariantGroup section */

/* Begin XCBuildConfiguration section */
		1BDB391119168E4000A21985 /* Debug */ = {
			isa = XCBuildConfiguration;
			buildSettings = {
				ALWAYS_SEARCH_USER_PATHS = NO;
				CLANG_CXX_LANGUAGE_STANDARD = "gnu++0x";
				CLANG_CXX_LIBRARY = "libc++";
				CLANG_ENABLE_MODULES = YES;
				CLANG_ENABLE_OBJC_ARC = YES;
				CLANG_WARN_BOOL_CONVERSION = YES;
				CLANG_WARN_CONSTANT_CONVERSION = YES;
				CLANG_WARN_DIRECT_OBJC_ISA_USAGE = YES_ERROR;
				CLANG_WARN_EMPTY_BODY = YES;
				CLANG_WARN_ENUM_CONVERSION = YES;
				CLANG_WARN_INT_CONVERSION = YES;
				CLANG_WARN_OBJC_ROOT_CLASS = YES_ERROR;
				CLANG_WARN__DUPLICATE_METHOD_MATCH = YES;
				"CODE_SIGN_IDENTITY[sdk=iphoneos*]" = "iPhone Developer";
				COPY_PHASE_STRIP = NO;
				GCC_C_LANGUAGE_STANDARD = gnu99;
				GCC_DYNAMIC_NO_PIC = NO;
				GCC_OPTIMIZATION_LEVEL = 0;
				GCC_PREPROCESSOR_DEFINITIONS = (
					"DEBUG=1",
					"$(inherited)",
				);
				GCC_SYMBOLS_PRIVATE_EXTERN = NO;
				GCC_WARN_64_TO_32_BIT_CONVERSION = YES;
				GCC_WARN_ABOUT_RETURN_TYPE = YES_ERROR;
				GCC_WARN_UNDECLARED_SELECTOR = YES;
				GCC_WARN_UNINITIALIZED_AUTOS = YES_AGGRESSIVE;
				GCC_WARN_UNUSED_FUNCTION = YES;
				GCC_WARN_UNUSED_VARIABLE = YES;
				IPHONEOS_DEPLOYMENT_TARGET = 7.1;
				ONLY_ACTIVE_ARCH = YES;
				SDKROOT = iphoneos;
			};
			name = Debug;
		};
		1BDB391219168E4000A21985 /* Release */ = {
			isa = XCBuildConfiguration;
			buildSettings = {
				ALWAYS_SEARCH_USER_PATHS = NO;
				CLANG_CXX_LANGUAGE_STANDARD = "gnu++0x";
				CLANG_CXX_LIBRARY = "libc++";
				CLANG_ENABLE_MODULES = YES;
				CLANG_ENABLE_OBJC_ARC = YES;
				CLANG_WARN_BOOL_CONVERSION = YES;
				CLANG_WARN_CONSTANT_CONVERSION = YES;
				CLANG_WARN_DIRECT_OBJC_ISA_USAGE = YES_ERROR;
				CLANG_WARN_EMPTY_BODY = YES;
				CLANG_WARN_ENUM_CONVERSION = YES;
				CLANG_WARN_INT_CONVERSION = YES;
				CLANG_WARN_OBJC_ROOT_CLASS = YES_ERROR;
				CLANG_WARN__DUPLICATE_METHOD_MATCH = YES;
				"CODE_SIGN_IDENTITY[sdk=iphoneos*]" = "iPhone Developer";
				COPY_PHASE_STRIP = YES;
				ENABLE_NS_ASSERTIONS = NO;
				GCC_C_LANGUAGE_STANDARD = gnu99;
				GCC_WARN_64_TO_32_BIT_CONVERSION = YES;
				GCC_WARN_ABOUT_RETURN_TYPE = YES_ERROR;
				GCC_WARN_UNDECLARED_SELECTOR = YES;
				GCC_WARN_UNINITIALIZED_AUTOS = YES_AGGRESSIVE;
				GCC_WARN_UNUSED_FUNCTION = YES;
				GCC_WARN_UNUSED_VARIABLE = YES;
				IPHONEOS_DEPLOYMENT_TARGET = 7.1;
				SDKROOT = iphoneos;
				VALIDATE_PRODUCT = YES;
			};
			name = Release;
		};
		1BDB391419168E4000A21985 /* Debug */ = {
			isa = XCBuildConfiguration;
			buildSettings = {
				ASSETCATALOG_COMPILER_APPICON_NAME = AppIcon;
				ASSETCATALOG_COMPILER_LAUNCHIMAGE_NAME = LaunchImage;
				GCC_PRECOMPILE_PREFIX_HEADER = YES;
				GCC_PREFIX_HEADER = "GitTest/GitTest-Prefix.pch";
				INFOPLIST_FILE = "GitTest/GitTest-Info.plist";
				PRODUCT_NAME = "$(TARGET_NAME)";
				WRAPPER_EXTENSION = app;
			};
			name = Debug;
		};
		1BDB391519168E4000A21985 /* Release */ = {
			isa = XCBuildConfiguration;
			buildSettings = {
				ASSETCATALOG_COMPILER_APPICON_NAME = AppIcon;
				ASSETCATALOG_COMPILER_LAUNCHIMAGE_NAME = LaunchImage;
				GCC_PRECOMPILE_PREFIX_HEADER = YES;
				GCC_PREFIX_HEADER = "GitTest/GitTest-Prefix.pch";
				INFOPLIST_FILE = "GitTest/GitTest-Info.plist";
				PRODUCT_NAME = "$(TARGET_NAME)";
				WRAPPER_EXTENSION = app;
			};
			name = Release;
		};
		1BDB391719168E4000A21985 /* Debug */ = {
			isa = XCBuildConfiguration;
			buildSettings = {
				BUNDLE_LOADER = "$(BUILT_PRODUCTS_DIR)/GitTest.app/GitTest";
				FRAMEWORK_SEARCH_PATHS = (
					"$(SDKROOT)/Developer/Library/Frameworks",
					"$(inherited)",
					"$(DEVELOPER_FRAMEWORKS_DIR)",
				);
				GCC_PRECOMPILE_PREFIX_HEADER = YES;
				GCC_PREFIX_HEADER = "GitTest/GitTest-Prefix.pch";
				GCC_PREPROCESSOR_DEFINITIONS = (
					"DEBUG=1",
					"$(inherited)",
				);
				INFOPLIST_FILE = "GitTestTests/GitTestTests-Info.plist";
				PRODUCT_NAME = "$(TARGET_NAME)";
				TEST_HOST = "$(BUNDLE_LOADER)";
				WRAPPER_EXTENSION = xctest;
			};
			name = Debug;
		};
		1BDB391819168E4000A21985 /* Release */ = {
			isa = XCBuildConfiguration;
			buildSettings = {
				BUNDLE_LOADER = "$(BUILT_PRODUCTS_DIR)/GitTest.app/GitTest";
				FRAMEWORK_SEARCH_PATHS = (
					"$(SDKROOT)/Developer/Library/Frameworks",
					"$(inherited)",
					"$(DEVELOPER_FRAMEWORKS_DIR)",
				);
				GCC_PRECOMPILE_PREFIX_HEADER = YES;
				GCC_PREFIX_HEADER = "GitTest/GitTest-Prefix.pch";
				INFOPLIST_FILE = "GitTestTests/GitTestTests-Info.plist";
				PRODUCT_NAME = "$(TARGET_NAME)";
				TEST_HOST = "$(BUNDLE_LOADER)";
				WRAPPER_EXTENSION = xctest;
			};
			name = Release;
		};
/* End XCBuildConfiguration section */

/* Begin XCConfigurationList section */
		1BDB38DC19168E3F00A21985 /* Build configuration list for PBXProject "GitTest" */ = {
			isa = XCConfigurationList;
			buildConfigurations = (
				1BDB391119168E4000A21985 /* Debug */,
				1BDB391219168E4000A21985 /* Release */,
			);
			defaultConfigurationIsVisible = 0;
			defaultConfigurationName = Release;
		};
		1BDB391319168E4000A21985 /* Build configuration list for PBXNativeTarget "GitTest" */ = {
			isa = XCConfigurationList;
			buildConfigurations = (
				1BDB391419168E4000A21985 /* Debug */,
				1BDB391519168E4000A21985 /* Release */,
			);
			defaultConfigurationIsVisible = 0;
		};
		1BDB391619168E4000A21985 /* Build configuration list for PBXNativeTarget "GitTestTests" */ = {
			isa = XCConfigurationList;
			buildConfigurations = (
				1BDB391719168E4000A21985 /* Debug */,
				1BDB391819168E4000A21985 /* Release */,
			);
			defaultConfigurationIsVisible = 0;
		};
/* End XCConfigurationList section */
	};
	rootObject = 1BDB38D919168E3F00A21985 /* Project object */;
}
